// !$*UTF8*$!
{
	archiveVersion = 1;
	classes = {
	};
	objectVersion = 56;
	objects = {

/* Begin PBXBuildFile section */
		A82BD6882A8F679A00705F0B /* Swift_HTTPApp.swift in Sources */ = {isa = PBXBuildFile; fileRef = A82BD6872A8F679A00705F0B /* Swift_HTTPApp.swift */; };
		A82BD68A2A8F679A00705F0B /* ContentView.swift in Sources */ = {isa = PBXBuildFile; fileRef = A82BD6892A8F679A00705F0B /* ContentView.swift */; };
		A82BD68C2A8F679B00705F0B /* Assets.xcassets in Resources */ = {isa = PBXBuildFile; fileRef = A82BD68B2A8F679B00705F0B /* Assets.xcassets */; };
		A82BD6902A8F679B00705F0B /* Preview Assets.xcassets in Resources */ = {isa = PBXBuildFile; fileRef = A82BD68F2A8F679B00705F0B /* Preview Assets.xcassets */; };
		A82BD6A82A8F7E4500705F0B /* Test.swift in Sources */ = {isa = PBXBuildFile; fileRef = A82BD6A72A8F7E4500705F0B /* Test.swift */; };
		A82BD6AA2A8F7FA700705F0B /* TestViewModel.swift in Sources */ = {isa = PBXBuildFile; fileRef = A82BD6A92A8F7FA700705F0B /* TestViewModel.swift */; };
		A82BD6AC2A8F80DF00705F0B /* TestCell.swift in Sources */ = {isa = PBXBuildFile; fileRef = A82BD6AB2A8F80DF00705F0B /* TestCell.swift */; };
		A82BD6AE2A8F811D00705F0B /* TestView.swift in Sources */ = {isa = PBXBuildFile; fileRef = A82BD6AD2A8F811D00705F0B /* TestView.swift */; };
		A82BD6B02A8F94BE00705F0B /* Photo.swift in Sources */ = {isa = PBXBuildFile; fileRef = A82BD6AF2A8F94BE00705F0B /* Photo.swift */; };
		A82BD6B82A8F96D900705F0B /* PhotoView.swift in Sources */ = {isa = PBXBuildFile; fileRef = A82BD6B72A8F96D900705F0B /* PhotoView.swift */; };
		A82BD6BA2A8F96E600705F0B /* PhotoCell.swift in Sources */ = {isa = PBXBuildFile; fileRef = A82BD6B92A8F96E600705F0B /* PhotoCell.swift */; };
		A82BD6BC2A8F96F200705F0B /* PhotoViewModel.swift in Sources */ = {isa = PBXBuildFile; fileRef = A82BD6BB2A8F96F200705F0B /* PhotoViewModel.swift */; };
/* End PBXBuildFile section */

/* Begin PBXFileReference section */
		A82BD6842A8F679A00705F0B /* Swift-HTTP.app */ = {isa = PBXFileReference; explicitFileType = wrapper.application; includeInIndex = 0; path = "Swift-HTTP.app"; sourceTree = BUILT_PRODUCTS_DIR; };
		A82BD6872A8F679A00705F0B /* Swift_HTTPApp.swift */ = {isa = PBXFileReference; lastKnownFileType = sourcecode.swift; path = Swift_HTTPApp.swift; sourceTree = "<group>"; };
		A82BD6892A8F679A00705F0B /* ContentView.swift */ = {isa = PBXFileReference; lastKnownFileType = sourcecode.swift; path = ContentView.swift; sourceTree = "<group>"; };
		A82BD68B2A8F679B00705F0B /* Assets.xcassets */ = {isa = PBXFileReference; lastKnownFileType = folder.assetcatalog; path = Assets.xcassets; sourceTree = "<group>"; };
		A82BD68D2A8F679B00705F0B /* Swift_HTTP.entitlements */ = {isa = PBXFileReference; lastKnownFileType = text.plist.entitlements; path = Swift_HTTP.entitlements; sourceTree = "<group>"; };
		A82BD68F2A8F679B00705F0B /* Preview Assets.xcassets */ = {isa = PBXFileReference; lastKnownFileType = folder.assetcatalog; path = "Preview Assets.xcassets"; sourceTree = "<group>"; };
		A82BD6A62A8F7B8700705F0B /* Info.plist */ = {isa = PBXFileReference; lastKnownFileType = text.plist; path = Info.plist; sourceTree = "<group>"; };
		A82BD6A72A8F7E4500705F0B /* Test.swift */ = {isa = PBXFileReference; lastKnownFileType = sourcecode.swift; path = Test.swift; sourceTree = "<group>"; };
		A82BD6A92A8F7FA700705F0B /* TestViewModel.swift */ = {isa = PBXFileReference; lastKnownFileType = sourcecode.swift; path = TestViewModel.swift; sourceTree = "<group>"; };
		A82BD6AB2A8F80DF00705F0B /* TestCell.swift */ = {isa = PBXFileReference; lastKnownFileType = sourcecode.swift; path = TestCell.swift; sourceTree = "<group>"; };
		A82BD6AD2A8F811D00705F0B /* TestView.swift */ = {isa = PBXFileReference; lastKnownFileType = sourcecode.swift; path = TestView.swift; sourceTree = "<group>"; };
		A82BD6AF2A8F94BE00705F0B /* Photo.swift */ = {isa = PBXFileReference; lastKnownFileType = sourcecode.swift; path = Photo.swift; sourceTree = "<group>"; };
		A82BD6B72A8F96D900705F0B /* PhotoView.swift */ = {isa = PBXFileReference; lastKnownFileType = sourcecode.swift; path = PhotoView.swift; sourceTree = "<group>"; };
		A82BD6B92A8F96E600705F0B /* PhotoCell.swift */ = {isa = PBXFileReference; lastKnownFileType = sourcecode.swift; path = PhotoCell.swift; sourceTree = "<group>"; };
		A82BD6BB2A8F96F200705F0B /* PhotoViewModel.swift */ = {isa = PBXFileReference; lastKnownFileType = sourcecode.swift; path = PhotoViewModel.swift; sourceTree = "<group>"; };
/* End PBXFileReference section */

/* Begin PBXFrameworksBuildPhase section */
		A82BD6812A8F679A00705F0B /* Frameworks */ = {
			isa = PBXFrameworksBuildPhase;
			buildActionMask = 2147483647;
			files = (
			);
			runOnlyForDeploymentPostprocessing = 0;
		};
/* End PBXFrameworksBuildPhase section */

/* Begin PBXGroup section */
		A82BD67B2A8F679A00705F0B = {
			isa = PBXGroup;
			children = (
				A82BD6862A8F679A00705F0B /* Swift-HTTP */,
				A82BD6852A8F679A00705F0B /* Products */,
			);
			sourceTree = "<group>";
		};
		A82BD6852A8F679A00705F0B /* Products */ = {
			isa = PBXGroup;
			children = (
				A82BD6842A8F679A00705F0B /* Swift-HTTP.app */,
			);
			name = Products;
			sourceTree = "<group>";
		};
		A82BD6862A8F679A00705F0B /* Swift-HTTP */ = {
			isa = PBXGroup;
			children = (
				A82BD6A62A8F7B8700705F0B /* Info.plist */,
				A82BD6A12A8F6BDD00705F0B /* Model */,
				A82BD6B12A8F965000705F0B /* Test */,
				A82BD6B32A8F96AE00705F0B /* Photo */,
				A82BD6872A8F679A00705F0B /* Swift_HTTPApp.swift */,
				A82BD6892A8F679A00705F0B /* ContentView.swift */,
				A82BD68B2A8F679B00705F0B /* Assets.xcassets */,
				A82BD68D2A8F679B00705F0B /* Swift_HTTP.entitlements */,
				A82BD68E2A8F679B00705F0B /* Preview Content */,
			);
			path = "Swift-HTTP";
			sourceTree = "<group>";
		};
		A82BD68E2A8F679B00705F0B /* Preview Content */ = {
			isa = PBXGroup;
			children = (
				A82BD68F2A8F679B00705F0B /* Preview Assets.xcassets */,
			);
			path = "Preview Content";
			sourceTree = "<group>";
		};
		A82BD69E2A8F6BBD00705F0B /* ViewModel */ = {
			isa = PBXGroup;
			children = (
				A82BD6A92A8F7FA700705F0B /* TestViewModel.swift */,
			);
			path = ViewModel;
			sourceTree = "<group>";
		};
		A82BD69F2A8F6BC700705F0B /* View */ = {
			isa = PBXGroup;
			children = (
				A82BD6AD2A8F811D00705F0B /* TestView.swift */,
			);
			path = View;
			sourceTree = "<group>";
		};
		A82BD6A02A8F6BD300705F0B /* Items */ = {
			isa = PBXGroup;
			children = (
				A82BD6AB2A8F80DF00705F0B /* TestCell.swift */,
			);
			path = Items;
			sourceTree = "<group>";
		};
		A82BD6A12A8F6BDD00705F0B /* Model */ = {
			isa = PBXGroup;
			children = (
				A82BD6A72A8F7E4500705F0B /* Test.swift */,
				A82BD6AF2A8F94BE00705F0B /* Photo.swift */,
			);
			path = Model;
			sourceTree = "<group>";
		};
		A82BD6B12A8F965000705F0B /* Test */ = {
			isa = PBXGroup;
			children = (
				A82BD6A02A8F6BD300705F0B /* Items */,
				A82BD69F2A8F6BC700705F0B /* View */,
				A82BD69E2A8F6BBD00705F0B /* ViewModel */,
			);
			path = Test;
			sourceTree = "<group>";
		};
		A82BD6B32A8F96AE00705F0B /* Photo */ = {
			isa = PBXGroup;
			children = (
				A82BD6B62A8F96C900705F0B /* Items */,
				A82BD6B52A8F96C400705F0B /* ViewModel */,
				A82BD6B42A8F96C000705F0B /* View */,
			);
			path = Photo;
			sourceTree = "<group>";
		};
		A82BD6B42A8F96C000705F0B /* View */ = {
			isa = PBXGroup;
			children = (
				A82BD6B72A8F96D900705F0B /* PhotoView.swift */,
			);
			path = View;
			sourceTree = "<group>";
		};
		A82BD6B52A8F96C400705F0B /* ViewModel */ = {
			isa = PBXGroup;
			children = (
				A82BD6BB2A8F96F200705F0B /* PhotoViewModel.swift */,
			);
			path = ViewModel;
			sourceTree = "<group>";
		};
		A82BD6B62A8F96C900705F0B /* Items */ = {
			isa = PBXGroup;
			children = (
				A82BD6B92A8F96E600705F0B /* PhotoCell.swift */,
			);
			path = Items;
			sourceTree = "<group>";
		};
/* End PBXGroup section */

/* Begin PBXNativeTarget section */
		A82BD6832A8F679A00705F0B /* Swift-HTTP */ = {
			isa = PBXNativeTarget;
			buildConfigurationList = A82BD6932A8F679B00705F0B /* Build configuration list for PBXNativeTarget "Swift-HTTP" */;
			buildPhases = (
				A82BD6802A8F679A00705F0B /* Sources */,
				A82BD6812A8F679A00705F0B /* Frameworks */,
				A82BD6822A8F679A00705F0B /* Resources */,
			);
			buildRules = (
			);
			dependencies = (
			);
			name = "Swift-HTTP";
			productName = "Swift-HTTP";
			productReference = A82BD6842A8F679A00705F0B /* Swift-HTTP.app */;
			productType = "com.apple.product-type.application";
		};
/* End PBXNativeTarget section */

/* Begin PBXProject section */
		A82BD67C2A8F679A00705F0B /* Project object */ = {
			isa = PBXProject;
			attributes = {
				BuildIndependentTargetsInParallel = 1;
				LastSwiftUpdateCheck = 1430;
				LastUpgradeCheck = 1430;
				TargetAttributes = {
					A82BD6832A8F679A00705F0B = {
						CreatedOnToolsVersion = 14.3.1;
					};
				};
			};
			buildConfigurationList = A82BD67F2A8F679A00705F0B /* Build configuration list for PBXProject "Swift-HTTP" */;
			compatibilityVersion = "Xcode 14.0";
			developmentRegion = en;
			hasScannedForEncodings = 0;
			knownRegions = (
				en,
				Base,
			);
			mainGroup = A82BD67B2A8F679A00705F0B;
			productRefGroup = A82BD6852A8F679A00705F0B /* Products */;
			projectDirPath = "";
			projectRoot = "";
			targets = (
				A82BD6832A8F679A00705F0B /* Swift-HTTP */,
			);
		};
/* End PBXProject section */

/* Begin PBXResourcesBuildPhase section */
		A82BD6822A8F679A00705F0B /* Resources */ = {
			isa = PBXResourcesBuildPhase;
			buildActionMask = 2147483647;
			files = (
				A82BD6902A8F679B00705F0B /* Preview Assets.xcassets in Resources */,
				A82BD68C2A8F679B00705F0B /* Assets.xcassets in Resources */,
			);
			runOnlyForDeploymentPostprocessing = 0;
		};
/* End PBXResourcesBuildPhase section */

/* Begin PBXSourcesBuildPhase section */
		A82BD6802A8F679A00705F0B /* Sources */ = {
			isa = PBXSourcesBuildPhase;
			buildActionMask = 2147483647;
			files = (
				A82BD6AE2A8F811D00705F0B /* TestView.swift in Sources */,
				A82BD6BA2A8F96E600705F0B /* PhotoCell.swift in Sources */,
				A82BD6AC2A8F80DF00705F0B /* TestCell.swift in Sources */,
				A82BD6AA2A8F7FA700705F0B /* TestViewModel.swift in Sources */,
				A82BD6A82A8F7E4500705F0B /* Test.swift in Sources */,
				A82BD68A2A8F679A00705F0B /* ContentView.swift in Sources */,
				A82BD6882A8F679A00705F0B /* Swift_HTTPApp.swift in Sources */,
				A82BD6B02A8F94BE00705F0B /* Photo.swift in Sources */,
				A82BD6B82A8F96D900705F0B /* PhotoView.swift in Sources */,
				A82BD6BC2A8F96F200705F0B /* PhotoViewModel.swift in Sources */,
			);
			runOnlyForDeploymentPostprocessing = 0;
		};
/* End PBXSourcesBuildPhase section */

/* Begin XCBuildConfiguration section */
		A82BD6912A8F679B00705F0B /* Debug */ = {
			isa = XCBuildConfiguration;
			buildSettings = {
				ALWAYS_SEARCH_USER_PATHS = NO;
				CLANG_ANALYZER_NONNULL = YES;
				CLANG_ANALYZER_NUMBER_OBJECT_CONVERSION = YES_AGGRESSIVE;
				CLANG_CXX_LANGUAGE_STANDARD = "gnu++20";
				CLANG_ENABLE_MODULES = YES;
				CLANG_ENABLE_OBJC_ARC = YES;
				CLANG_ENABLE_OBJC_WEAK = YES;
				CLANG_WARN_BLOCK_CAPTURE_AUTORELEASING = YES;
				CLANG_WARN_BOOL_CONVERSION = YES;
				CLANG_WARN_COMMA = YES;
				CLANG_WARN_CONSTANT_CONVERSION = YES;
				CLANG_WARN_DEPRECATED_OBJC_IMPLEMENTATIONS = YES;
				CLANG_WARN_DIRECT_OBJC_ISA_USAGE = YES_ERROR;
				CLANG_WARN_DOCUMENTATION_COMMENTS = YES;
				CLANG_WARN_EMPTY_BODY = YES;
				CLANG_WARN_ENUM_CONVERSION = YES;
				CLANG_WARN_INFINITE_RECURSION = YES;
				CLANG_WARN_INT_CONVERSION = YES;
				CLANG_WARN_NON_LITERAL_NULL_CONVERSION = YES;
				CLANG_WARN_OBJC_IMPLICIT_RETAIN_SELF = YES;
				CLANG_WARN_OBJC_LITERAL_CONVERSION = YES;
				CLANG_WARN_OBJC_ROOT_CLASS = YES_ERROR;
				CLANG_WARN_QUOTED_INCLUDE_IN_FRAMEWORK_HEADER = YES;
				CLANG_WARN_RANGE_LOOP_ANALYSIS = YES;
				CLANG_WARN_STRICT_PROTOTYPES = YES;
				CLANG_WARN_SUSPICIOUS_MOVE = YES;
				CLANG_WARN_UNGUARDED_AVAILABILITY = YES_AGGRESSIVE;
				CLANG_WARN_UNREACHABLE_CODE = YES;
				CLANG_WARN__DUPLICATE_METHOD_MATCH = YES;
				COPY_PHASE_STRIP = NO;
				DEBUG_INFORMATION_FORMAT = dwarf;
				ENABLE_STRICT_OBJC_MSGSEND = YES;
				ENABLE_TESTABILITY = YES;
				GCC_C_LANGUAGE_STANDARD = gnu11;
				GCC_DYNAMIC_NO_PIC = NO;
				GCC_NO_COMMON_BLOCKS = YES;
				GCC_OPTIMIZATION_LEVEL = 0;
				GCC_PREPROCESSOR_DEFINITIONS = (
					"DEBUG=1",
					"$(inherited)",
				);
				GCC_WARN_64_TO_32_BIT_CONVERSION = YES;
				GCC_WARN_ABOUT_RETURN_TYPE = YES_ERROR;
				GCC_WARN_UNDECLARED_SELECTOR = YES;
				GCC_WARN_UNINITIALIZED_AUTOS = YES_AGGRESSIVE;
				GCC_WARN_UNUSED_FUNCTION = YES;
				GCC_WARN_UNUSED_VARIABLE = YES;
				MTL_ENABLE_DEBUG_INFO = INCLUDE_SOURCE;
				MTL_FAST_MATH = YES;
				ONLY_ACTIVE_ARCH = YES;
				SWIFT_ACTIVE_COMPILATION_CONDITIONS = DEBUG;
				SWIFT_OPTIMIZATION_LEVEL = "-Onone";
			};
			name = Debug;
		};
		A82BD6922A8F679B00705F0B /* Release */ = {
			isa = XCBuildConfiguration;
			buildSettings = {
				ALWAYS_SEARCH_USER_PATHS = NO;
				CLANG_ANALYZER_NONNULL = YES;
				CLANG_ANALYZER_NUMBER_OBJECT_CONVERSION = YES_AGGRESSIVE;
				CLANG_CXX_LANGUAGE_STANDARD = "gnu++20";
				CLANG_ENABLE_MODULES = YES;
				CLANG_ENABLE_OBJC_ARC = YES;
				CLANG_ENABLE_OBJC_WEAK = YES;
				CLANG_WARN_BLOCK_CAPTURE_AUTORELEASING = YES;
				CLANG_WARN_BOOL_CONVERSION = YES;
				CLANG_WARN_COMMA = YES;
				CLANG_WARN_CONSTANT_CONVERSION = YES;
				CLANG_WARN_DEPRECATED_OBJC_IMPLEMENTATIONS = YES;
				CLANG_WARN_DIRECT_OBJC_ISA_USAGE = YES_ERROR;
				CLANG_WARN_DOCUMENTATION_COMMENTS = YES;
				CLANG_WARN_EMPTY_BODY = YES;
				CLANG_WARN_ENUM_CONVERSION = YES;
				CLANG_WARN_INFINITE_RECURSION = YES;
				CLANG_WARN_INT_CONVERSION = YES;
				CLANG_WARN_NON_LITERAL_NULL_CONVERSION = YES;
				CLANG_WARN_OBJC_IMPLICIT_RETAIN_SELF = YES;
				CLANG_WARN_OBJC_LITERAL_CONVERSION = YES;
				CLANG_WARN_OBJC_ROOT_CLASS = YES_ERROR;
				CLANG_WARN_QUOTED_INCLUDE_IN_FRAMEWORK_HEADER = YES;
				CLANG_WARN_RANGE_LOOP_ANALYSIS = YES;
				CLANG_WARN_STRICT_PROTOTYPES = YES;
				CLANG_WARN_SUSPICIOUS_MOVE = YES;
				CLANG_WARN_UNGUARDED_AVAILABILITY = YES_AGGRESSIVE;
				CLANG_WARN_UNREACHABLE_CODE = YES;
				CLANG_WARN__DUPLICATE_METHOD_MATCH = YES;
				COPY_PHASE_STRIP = NO;
				DEBUG_INFORMATION_FORMAT = "dwarf-with-dsym";
				ENABLE_NS_ASSERTIONS = NO;
				ENABLE_STRICT_OBJC_MSGSEND = YES;
				GCC_C_LANGUAGE_STANDARD = gnu11;
				GCC_NO_COMMON_BLOCKS = YES;
				GCC_WARN_64_TO_32_BIT_CONVERSION = YES;
				GCC_WARN_ABOUT_RETURN_TYPE = YES_ERROR;
				GCC_WARN_UNDECLARED_SELECTOR = YES;
				GCC_WARN_UNINITIALIZED_AUTOS = YES_AGGRESSIVE;
				GCC_WARN_UNUSED_FUNCTION = YES;
				GCC_WARN_UNUSED_VARIABLE = YES;
				MTL_ENABLE_DEBUG_INFO = NO;
				MTL_FAST_MATH = YES;
				SWIFT_COMPILATION_MODE = wholemodule;
				SWIFT_OPTIMIZATION_LEVEL = "-O";
			};
			name = Release;
		};
		A82BD6942A8F679B00705F0B /* Debug */ = {
			isa = XCBuildConfiguration;
			buildSettings = {
				ASSETCATALOG_COMPILER_APPICON_NAME = AppIcon;
				ASSETCATALOG_COMPILER_GLOBAL_ACCENT_COLOR_NAME = AccentColor;
				CODE_SIGN_ENTITLEMENTS = "Swift-HTTP/Swift_HTTP.entitlements";
				CODE_SIGN_STYLE = Automatic;
				CURRENT_PROJECT_VERSION = 1;
				DEVELOPMENT_ASSET_PATHS = "\"Swift-HTTP/Preview Content\"";
				DEVELOPMENT_TEAM = WQD7F9D6LV;
				ENABLE_HARDENED_RUNTIME = YES;
				ENABLE_PREVIEWS = YES;
				GENERATE_INFOPLIST_FILE = YES;
				INFOPLIST_FILE = "Swift-HTTP/Info.plist";
				"INFOPLIST_KEY_UIApplicationSceneManifest_Generation[sdk=iphoneos*]" = YES;
				"INFOPLIST_KEY_UIApplicationSceneManifest_Generation[sdk=iphonesimulator*]" = YES;
				"INFOPLIST_KEY_UIApplicationSupportsIndirectInputEvents[sdk=iphoneos*]" = YES;
				"INFOPLIST_KEY_UIApplicationSupportsIndirectInputEvents[sdk=iphonesimulator*]" = YES;
				"INFOPLIST_KEY_UILaunchScreen_Generation[sdk=iphoneos*]" = YES;
				"INFOPLIST_KEY_UILaunchScreen_Generation[sdk=iphonesimulator*]" = YES;
				"INFOPLIST_KEY_UIStatusBarStyle[sdk=iphoneos*]" = UIStatusBarStyleDefault;
				"INFOPLIST_KEY_UIStatusBarStyle[sdk=iphonesimulator*]" = UIStatusBarStyleDefault;
				INFOPLIST_KEY_UISupportedInterfaceOrientations_iPad = "UIInterfaceOrientationPortrait UIInterfaceOrientationPortraitUpsideDown UIInterfaceOrientationLandscapeLeft UIInterfaceOrientationLandscapeRight";
				INFOPLIST_KEY_UISupportedInterfaceOrientations_iPhone = "UIInterfaceOrientationPortrait UIInterfaceOrientationLandscapeLeft UIInterfaceOrientationLandscapeRight";
				IPHONEOS_DEPLOYMENT_TARGET = 16.4;
				LD_RUNPATH_SEARCH_PATHS = "@executable_path/Frameworks";
				"LD_RUNPATH_SEARCH_PATHS[sdk=macosx*]" = "@executable_path/../Frameworks";
				MACOSX_DEPLOYMENT_TARGET = 13.3;
				MARKETING_VERSION = 1.0;
				PRODUCT_BUNDLE_IDENTIFIER = "com.overman.Swift-HTTP";
				PRODUCT_NAME = "$(TARGET_NAME)";
				SDKROOT = auto;
				SUPPORTED_PLATFORMS = "iphoneos iphonesimulator macosx";
				SWIFT_EMIT_LOC_STRINGS = YES;
				SWIFT_VERSION = 5.0;
				TARGETED_DEVICE_FAMILY = "1,2";
			};
			name = Debug;
		};
		A82BD6952A8F679B00705F0B /* Release */ = {
			isa = XCBuildConfiguration;
			buildSettings = {
				ASSETCATALOG_COMPILER_APPICON_NAME = AppIcon;
				ASSETCATALOG_COMPILER_GLOBAL_ACCENT_COLOR_NAME = AccentColor;
				CODE_SIGN_ENTITLEMENTS = "Swift-HTTP/Swift_HTTP.entitlements";
				CODE_SIGN_STYLE = Automatic;
				CURRENT_PROJECT_VERSION = 1;
				DEVELOPMENT_ASSET_PATHS = "\"Swift-HTTP/Preview Content\"";
				DEVELOPMENT_TEAM = WQD7F9D6LV;
				ENABLE_HARDENED_RUNTIME = YES;
				ENABLE_PREVIEWS = YES;
				GENERATE_INFOPLIST_FILE = YES;
				INFOPLIST_FILE = "Swift-HTTP/Info.plist";
				"INFOPLIST_KEY_UIApplicationSceneManifest_Generation[sdk=iphoneos*]" = YES;
				"INFOPLIST_KEY_UIApplicationSceneManifest_Generation[sdk=iphonesimulator*]" = YES;
				"INFOPLIST_KEY_UIApplicationSupportsIndirectInputEvents[sdk=iphoneos*]" = YES;
				"INFOPLIST_KEY_UIApplicationSupportsIndirectInputEvents[sdk=iphonesimulator*]" = YES;
				"INFOPLIST_KEY_UILaunchScreen_Generation[sdk=iphoneos*]" = YES;
				"INFOPLIST_KEY_UILaunchScreen_Generation[sdk=iphonesimulator*]" = YES;
				"INFOPLIST_KEY_UIStatusBarStyle[sdk=iphoneos*]" = UIStatusBarStyleDefault;
				"INFOPLIST_KEY_UIStatusBarStyle[sdk=iphonesimulator*]" = UIStatusBarStyleDefault;
				INFOPLIST_KEY_UISupportedInterfaceOrientations_iPad = "UIInterfaceOrientationPortrait UIInterfaceOrientationPortraitUpsideDown UIInterfaceOrientationLandscapeLeft UIInterfaceOrientationLandscapeRight";
				INFOPLIST_KEY_UISupportedInterfaceOrientations_iPhone = "UIInterfaceOrientationPortrait UIInterfaceOrientationLandscapeLeft UIInterfaceOrientationLandscapeRight";
				IPHONEOS_DEPLOYMENT_TARGET = 16.4;
				LD_RUNPATH_SEARCH_PATHS = "@executable_path/Frameworks";
				"LD_RUNPATH_SEARCH_PATHS[sdk=macosx*]" = "@executable_path/../Frameworks";
				MACOSX_DEPLOYMENT_TARGET = 13.3;
				MARKETING_VERSION = 1.0;
				PRODUCT_BUNDLE_IDENTIFIER = "com.overman.Swift-HTTP";
				PRODUCT_NAME = "$(TARGET_NAME)";
				SDKROOT = auto;
				SUPPORTED_PLATFORMS = "iphoneos iphonesimulator macosx";
				SWIFT_EMIT_LOC_STRINGS = YES;
				SWIFT_VERSION = 5.0;
				TARGETED_DEVICE_FAMILY = "1,2";
			};
			name = Release;
		};
/* End XCBuildConfiguration section */

/* Begin XCConfigurationList section */
		A82BD67F2A8F679A00705F0B /* Build configuration list for PBXProject "Swift-HTTP" */ = {
			isa = XCConfigurationList;
			buildConfigurations = (
				A82BD6912A8F679B00705F0B /* Debug */,
				A82BD6922A8F679B00705F0B /* Release */,
			);
			defaultConfigurationIsVisible = 0;
			defaultConfigurationName = Release;
		};
		A82BD6932A8F679B00705F0B /* Build configuration list for PBXNativeTarget "Swift-HTTP" */ = {
			isa = XCConfigurationList;
			buildConfigurations = (
				A82BD6942A8F679B00705F0B /* Debug */,
				A82BD6952A8F679B00705F0B /* Release */,
			);
			defaultConfigurationIsVisible = 0;
			defaultConfigurationName = Release;
		};
/* End XCConfigurationList section */
	};
	rootObject = A82BD67C2A8F679A00705F0B /* Project object */;
}
